
Microsoft Visual Studio Solution File, Format Version 12.00
# Visual Studio Version 17
VisualStudioVersion = 17.13.35828.75
MinimumVisualStudioVersion = 10.0.40219.1
Project("{FAE04EC0-301F-11D3-BF4B-00C04F79EFBC}") = "CalculatorTDD", "CalculatorTDD.csproj", "{9D69EC69-B233-4D86-A48F-D3B668774A0F}"
EndProject
Project("{FAE04EC0-301F-11D3-BF4B-00C04F79EFBC}") = "CalculatorTests", "..\CalculatorTests\CalculatorTests.csproj", "{905B4659-6B0C-4C87-BCC4-BE5A7AA2603B}"
EndProject
Project("{FAE04EC0-301F-11D3-BF4B-00C04F79EFBC}") = "CalculatorGUI", "..\CalculatorGUI\CalculatorGUI.csproj", "{D3034B75-7A25-4556-A011-ED86565622AB}"
EndProject
Global
	GlobalSection(SolutionConfigurationPlatforms) = preSolution
		Debug|Any CPU = Debug|Any CPU
		Release|Any CPU = Release|Any CPU
	EndGlobalSection
	GlobalSection(ProjectConfigurationPlatforms) = postSolution
		{9D69EC69-B233-4D86-A48F-D3B668774A0F}.Debug|Any CPU.ActiveCfg = Debug|Any CPU
		{9D69EC69-B233-4D86-A48F-D3B668774A0F}.Debug|Any CPU.Build.0 = Debug|Any CPU
		{9D69EC69-B233-4D86-A48F-D3B668774A0F}.Release|Any CPU.ActiveCfg = Release|Any CPU
		{9D69EC69-B233-4D86-A48F-D3B668774A0F}.Release|Any CPU.Build.0 = Release|Any CPU
		{905B4659-6B0C-4C87-BCC4-BE5A7AA2603B}.Debug|Any CPU.ActiveCfg = Debug|Any CPU
		{905B4659-6B0C-4C87-BCC4-BE5A7AA2603B}.Debug|Any CPU.Build.0 = Debug|Any CPU
		{905B4659-6B0C-4C87-BCC4-BE5A7AA2603B}.Release|Any CPU.ActiveCfg = Release|Any CPU
		{905B4659-6B0C-4C87-BCC4-BE5A7AA2603B}.Release|Any CPU.Build.0 = Release|Any CPU
		{D3034B75-7A25-4556-A011-ED86565622AB}.Debug|Any CPU.ActiveCfg = Debug|Any CPU
		{D3034B75-7A25-4556-A011-ED86565622AB}.Debug|Any CPU.Build.0 = Debug|Any CPU
		{D3034B75-7A25-4556-A011-ED86565622AB}.Release|Any CPU.ActiveCfg = Release|Any CPU
		{D3034B75-7A25-4556-A011-ED86565622AB}.Release|Any CPU.Build.0 = Release|Any CPU
	EndGlobalSection
	GlobalSection(SolutionProperties) = preSolution
		HideSolutionNode = FALSE
	EndGlobalSection
	GlobalSection(ExtensibilityGlobals) = postSolution
		SolutionGuid = {BE89F3F1-BEBA-4D1E-B6AC-D67DD963E6C4}
	EndGlobalSection
EndGlobal
